
Microsoft Visual Studio Solution File, Format Version 12.00
# Visual Studio 14
VisualStudioVersion = 14.0.23107.0
MinimumVisualStudioVersion = 10.0.40219.1
Project("{FAE04EC0-301F-11D3-BF4B-00C04F79EFBC}") = "BibDomain", "Bib\BibDomain.csproj", "{D5C45F11-FA55-4116-A596-892D63C65880}"
EndProject
Project("{FAE04EC0-301F-11D3-BF4B-00C04F79EFBC}") = "BibPresentatie", "BibPresentatie\BibPresentatie.csproj", "{F068A1BF-FD0A-4E84-AE8A-ABC350C57D64}"
EndProject
Global
	GlobalSection(SolutionConfigurationPlatforms) = preSolution
		Debug|Any CPU = Debug|Any CPU
		Release|Any CPU = Release|Any CPU
	EndGlobalSection
	GlobalSection(ProjectConfigurationPlatforms) = postSolution
		{D5C45F11-FA55-4116-A596-892D63C65880}.Debug|Any CPU.ActiveCfg = Debug|Any CPU
		{D5C45F11-FA55-4116-A596-892D63C65880}.Debug|Any CPU.Build.0 = Debug|Any CPU
		{D5C45F11-FA55-4116-A596-892D63C65880}.Release|Any CPU.ActiveCfg = Release|Any CPU
		{D5C45F11-FA55-4116-A596-892D63C65880}.Release|Any CPU.Build.0 = Release|Any CPU
		{F068A1BF-FD0A-4E84-AE8A-ABC350C57D64}.Debug|Any CPU.ActiveCfg = Debug|Any CPU
		{F068A1BF-FD0A-4E84-AE8A-ABC350C57D64}.Debug|Any CPU.Build.0 = Debug|Any CPU
		{F068A1BF-FD0A-4E84-AE8A-ABC350C57D64}.Release|Any CPU.ActiveCfg = Release|Any CPU
		{F068A1BF-FD0A-4E84-AE8A-ABC350C57D64}.Release|Any CPU.Build.0 = Release|Any CPU
	EndGlobalSection
	GlobalSection(SolutionProperties) = preSolution
		HideSolutionNode = FALSE
	EndGlobalSection
EndGlobal
